{
  "name": "test-package",
  "version": "1.0.0",
  "lockfileVersion": 3,
  "requires": true,
  "packages": {
    "": {
      "name": "test-package",
      "version": "1.0.0",
      "dependencies": {
        "@bedrock-agentcore/sdk": "file:.."
      }
    },
    "..": {
      "name": "@bedrock-agentcore/sdk",
      "version": "0.1.0",
      "license": "Apache-2.0",
      "dependencies": {
        "@aws-sdk/client-bedrock-agent-runtime": "^3.911.0",
        "@aws-sdk/client-bedrock-agentcore": "^3.931.0",
        "zod": "^4.1.12"
      },
      "devDependencies": {
        "@types/node": "^24.6.0",
        "@typescript-eslint/eslint-plugin": "^8.0.0",
        "@typescript-eslint/parser": "^8.0.0",
        "@vitest/coverage-v8": "^4.0.8",
        "eslint": "^9.0.0",
        "eslint-plugin-tsdoc": "^0.5.0",
        "husky": "^9.1.7",
        "prettier": "^3.0.0",
        "typescript": "^5.5.0",
        "vitest": "^4.0.8"
      },
      "engines": {
        "node": ">=20.0.0"
      },
      "peerDependencies": {
        "ai": "^4.0.0"
      },
      "peerDependenciesMeta": {
        "ai": {
          "optional": true
        }
      }
    },
    "node_modules/@bedrock-agentcore/sdk": {
      "resolved": "..",
      "link": true
    }
  }
}
